
Microsoft Visual Studio Solution File, Format Version 12.00
# Visual Studio Version 16
VisualStudioVersion = 16.0.31112.23
MinimumVisualStudioVersion = 10.0.40219.1
Project("{FAE04EC0-301F-11D3-BF4B-00C04F79EFBC}") = "WpfApp5", "WpfApp5\WpfApp5.csproj", "{3F7E064C-4ECB-4D00-8DCD-A823DD9469E7}"
EndProject
Project("{FAE04EC0-301F-11D3-BF4B-00C04F79EFBC}") = "ClassLibrary", "ClassLibrary\ClassLibrary.csproj", "{D7983452-1354-40B7-AD98-6C6D6FAC064A}"
EndProject
Global
	GlobalSection(SolutionConfigurationPlatforms) = preSolution
		Debug|Any CPU = Debug|Any CPU
		Release|Any CPU = Release|Any CPU
	EndGlobalSection
	GlobalSection(ProjectConfigurationPlatforms) = postSolution
		{3F7E064C-4ECB-4D00-8DCD-A823DD9469E7}.Debug|Any CPU.ActiveCfg = Debug|Any CPU
		{3F7E064C-4ECB-4D00-8DCD-A823DD9469E7}.Debug|Any CPU.Build.0 = Debug|Any CPU
		{3F7E064C-4ECB-4D00-8DCD-A823DD9469E7}.Release|Any CPU.ActiveCfg = Release|Any CPU
		{3F7E064C-4ECB-4D00-8DCD-A823DD9469E7}.Release|Any CPU.Build.0 = Release|Any CPU
		{D7983452-1354-40B7-AD98-6C6D6FAC064A}.Debug|Any CPU.ActiveCfg = Debug|Any CPU
		{D7983452-1354-40B7-AD98-6C6D6FAC064A}.Debug|Any CPU.Build.0 = Debug|Any CPU
		{D7983452-1354-40B7-AD98-6C6D6FAC064A}.Release|Any CPU.ActiveCfg = Release|Any CPU
		{D7983452-1354-40B7-AD98-6C6D6FAC064A}.Release|Any CPU.Build.0 = Release|Any CPU
	EndGlobalSection
	GlobalSection(SolutionProperties) = preSolution
		HideSolutionNode = FALSE
	EndGlobalSection
	GlobalSection(ExtensibilityGlobals) = postSolution
		SolutionGuid = {28E3EE05-9AD2-4136-80DE-1C7EDACF3BAF}
	EndGlobalSection
EndGlobal
